{
  "object": {
    "pins": [
      {
        "package": "APIClient",
        "repositoryURL": "https://github.com/Arohak/APIClient.git",
        "state": {
          "branch": null,
          "revision": "87be7d83836d629c8b2d720d1163f3267b5f1d54",
          "version": "0.1.7"
        }
      },
      {
        "package": "DataProvider",
        "repositoryURL": "https://github.com/Arohak/DataProvider.git",
        "state": {
          "branch": null,
          "revision": "7e4c00b09a189b5387d9458d41e946bab16a27b3",
          "version": "0.2.8"
        }
      }
    ]
  },
  "version": 1
}
